
Microsoft Visual Studio Solution File, Format Version 12.00
# Visual Studio Express 2013 for Windows Desktop
VisualStudioVersion = 12.0.21005.1
MinimumVisualStudioVersion = 10.0.40219.1
Project("{FAE04EC0-301F-11D3-BF4B-00C04F79EFBC}") = "TFVectorGenerator1", "TFVectorGenerator1\TFVectorGenerator1.csproj", "{CECF76F3-4B1B-4420-A9A3-DA395FF9216D}"
EndProject
Project("{FAE04EC0-301F-11D3-BF4B-00C04F79EFBC}") = "TFVectorGeneratorTest", "TFVectorGeneratorTest\TFVectorGeneratorTest.csproj", "{96A81242-8D2D-4AEB-9162-851AE110A019}"
EndProject
Project("{FAE04EC0-301F-11D3-BF4B-00C04F79EFBC}") = "TFVectorGenerator", "TFVectorGenerator\TFVectorGenerator.csproj", "{E6165149-86C4-4E6B-B410-6B074104267D}"
EndProject
Global
	GlobalSection(SolutionConfigurationPlatforms) = preSolution
		Debug|Any CPU = Debug|Any CPU
		Release|Any CPU = Release|Any CPU
	EndGlobalSection
	GlobalSection(ProjectConfigurationPlatforms) = postSolution
		{CECF76F3-4B1B-4420-A9A3-DA395FF9216D}.Debug|Any CPU.ActiveCfg = Debug|Any CPU
		{CECF76F3-4B1B-4420-A9A3-DA395FF9216D}.Debug|Any CPU.Build.0 = Debug|Any CPU
		{CECF76F3-4B1B-4420-A9A3-DA395FF9216D}.Release|Any CPU.ActiveCfg = Release|Any CPU
		{CECF76F3-4B1B-4420-A9A3-DA395FF9216D}.Release|Any CPU.Build.0 = Release|Any CPU
		{96A81242-8D2D-4AEB-9162-851AE110A019}.Debug|Any CPU.ActiveCfg = Debug|Any CPU
		{96A81242-8D2D-4AEB-9162-851AE110A019}.Debug|Any CPU.Build.0 = Debug|Any CPU
		{96A81242-8D2D-4AEB-9162-851AE110A019}.Release|Any CPU.ActiveCfg = Release|Any CPU
		{96A81242-8D2D-4AEB-9162-851AE110A019}.Release|Any CPU.Build.0 = Release|Any CPU
		{E6165149-86C4-4E6B-B410-6B074104267D}.Debug|Any CPU.ActiveCfg = Debug|Any CPU
		{E6165149-86C4-4E6B-B410-6B074104267D}.Debug|Any CPU.Build.0 = Debug|Any CPU
		{E6165149-86C4-4E6B-B410-6B074104267D}.Release|Any CPU.ActiveCfg = Release|Any CPU
		{E6165149-86C4-4E6B-B410-6B074104267D}.Release|Any CPU.Build.0 = Release|Any CPU
	EndGlobalSection
	GlobalSection(SolutionProperties) = preSolution
		HideSolutionNode = FALSE
	EndGlobalSection
EndGlobal
